lockfileVersion: '9.0'

settings:
  autoInstallPeers: true
  excludeLinksFromLockfile: false

importers:

  .:
    devDependencies:
      '@biomejs/biome':
        specifier: 2.3.8
        version: 2.3.8
      '@rslib/core':
        specifier: ^0.18.4
        version: 0.18.4(typescript@5.9.3)
      '@types/node':
        specifier: ^24.10.1
        version: 24.10.4
      typescript:
        specifier: ^5.9.3
        version: 5.9.3

packages:

  '@ast-grep/napi-darwin-arm64@0.37.0':
    resolution: {integrity: sha512-QAiIiaAbLvMEg/yBbyKn+p1gX2/FuaC0SMf7D7capm/oG4xGMzdeaQIcSosF4TCxxV+hIH4Bz9e4/u7w6Bnk3Q==}
    engines: {node: '>= 10'}
    cpu: [arm64]
    os: [darwin]

  '@ast-grep/napi-darwin-x64@0.37.0':
    resolution: {integrity: sha512-zvcvdgekd4ySV3zUbUp8HF5nk5zqwiMXTuVzTUdl/w08O7JjM6XPOIVT+d2o/MqwM9rsXdzdergY5oY2RdhSPA==}
    engines: {node: '>= 10'}
    cpu: [x64]
    os: [darwin]

  '@ast-grep/napi-linux-arm64-gnu@0.37.0':
    resolution: {integrity: sha512-L7Sj0lXy8X+BqSMgr1LB8cCoWk0rericdeu+dC8/c8zpsav5Oo2IQKY1PmiZ7H8IHoFBbURLf8iklY9wsD+cyA==}
    engines: {node: '>= 10'}
    cpu: [arm64]
    os: [linux]

  '@ast-grep/napi-linux-arm64-musl@0.37.0':
    resolution: {integrity: sha512-LF9sAvYy6es/OdyJDO3RwkX3I82Vkfsng1sqUBcoWC1jVb1wX5YVzHtpQox9JrEhGl+bNp7FYxB4Qba9OdA5GA==}
    engines: {node: '>= 10'}
    cpu: [arm64]
    os: [linux]

  '@ast-grep/napi-linux-x64-gnu@0.37.0':
    resolution: {integrity: sha512-TViz5/klqre6aSmJzswEIjApnGjJzstG/SE8VDWsrftMBMYt2PTu3MeluZVwzSqDao8doT/P+6U11dU05UOgxw==}
    engines: {node: '>= 10'}
    cpu: [x64]
    os: [linux]

  '@ast-grep/napi-linux-x64-musl@0.37.0':
    resolution: {integrity: sha512-/BcCH33S9E3ovOAEoxYngUNXgb+JLg991sdyiNP2bSoYd30a9RHrG7CYwW6fMgua3ijQ474eV6cq9yZO1bCpXg==}
    engines: {node: '>= 10'}
    cpu: [x64]
    os: [linux]

  '@ast-grep/napi-win32-arm64-msvc@0.37.0':
    resolution: {integrity: sha512-TjQA4cFoIEW2bgjLkaL9yqT4XWuuLa5MCNd0VCDhGRDMNQ9+rhwi9eLOWRaap3xzT7g+nlbcEHL3AkVCD2+b3A==}
    engines: {node: '>= 10'}
    cpu: [arm64]
    os: [win32]

  '@ast-grep/napi-win32-ia32-msvc@0.37.0':
    resolution: {integrity: sha512-uNmVka8fJCdYsyOlF9aZqQMLTatEYBynjChVTzUfFMDfmZ0bihs/YTqJVbkSm8TZM7CUX82apvn50z/dX5iWRA==}
    engines: {node: '>= 10'}
    cpu: [ia32]
    os: [win32]

  '@ast-grep/napi-win32-x64-msvc@0.37.0':
    resolution: {integrity: sha512-vCiFOT3hSCQuHHfZ933GAwnPzmL0G04JxQEsBRfqONywyT8bSdDc/ECpAfr3S9VcS4JZ9/F6tkePKW/Om2Dq2g==}
    engines: {node: '>= 10'}
    cpu: [x64]
    os: [win32]

  '@ast-grep/napi@0.37.0':
    resolution: {integrity: sha512-Hb4o6h1Pf6yRUAX07DR4JVY7dmQw+RVQMW5/m55GoiAT/VRoKCWBtIUPPOnqDVhbx1Cjfil9b6EDrgJsUAujEQ==}
    engines: {node: '>= 10'}

  '@biomejs/biome@2.3.8':
    resolution: {integrity: sha512-Qjsgoe6FEBxWAUzwFGFrB+1+M8y/y5kwmg5CHac+GSVOdmOIqsAiXM5QMVGZJ1eCUCLlPZtq4aFAQ0eawEUuUA==}
    engines: {node: '>=14.21.3'}
    hasBin: true

  '@biomejs/cli-darwin-arm64@2.3.8':
    resolution: {integrity: sha512-HM4Zg9CGQ3txTPflxD19n8MFPrmUAjaC7PQdLkugeeC0cQ+PiVrd7i09gaBS/11QKsTDBJhVg85CEIK9f50Qww==}
    engines: {node: '>=14.21.3'}
    cpu: [arm64]
    os: [darwin]

  '@biomejs/cli-darwin-x64@2.3.8':
    resolution: {integrity: sha512-lUDQ03D7y/qEao7RgdjWVGCu+BLYadhKTm40HkpJIi6kn8LSv5PAwRlew/DmwP4YZ9ke9XXoTIQDO1vAnbRZlA==}
    engines: {node: '>=14.21.3'}
    cpu: [x64]
    os: [darwin]

  '@biomejs/cli-linux-arm64-musl@2.3.8':
    resolution: {integrity: sha512-PShR4mM0sjksUMyxbyPNMxoKFPVF48fU8Qe8Sfx6w6F42verbwRLbz+QiKNiDPRJwUoMG1nPM50OBL3aOnTevA==}
    engines: {node: '>=14.21.3'}
    cpu: [arm64]
    os: [linux]

  '@biomejs/cli-linux-arm64@2.3.8':
    resolution: {integrity: sha512-Uo1OJnIkJgSgF+USx970fsM/drtPcQ39I+JO+Fjsaa9ZdCN1oysQmy6oAGbyESlouz+rzEckLTF6DS7cWse95g==}
    engines: {node: '>=14.21.3'}
    cpu: [arm64]
    os: [linux]

  '@biomejs/cli-linux-x64-musl@2.3.8':
    resolution: {integrity: sha512-YGLkqU91r1276uwSjiUD/xaVikdxgV1QpsicT0bIA1TaieM6E5ibMZeSyjQ/izBn4tKQthUSsVZacmoJfa3pDA==}
    engines: {node: '>=14.21.3'}
    cpu: [x64]
    os: [linux]

  '@biomejs/cli-linux-x64@2.3.8':
    resolution: {integrity: sha512-QDPMD5bQz6qOVb3kiBui0zKZXASLo0NIQ9JVJio5RveBEFgDgsvJFUvZIbMbUZT3T00M/1wdzwWXk4GIh0KaAw==}
    engines: {node: '>=14.21.3'}
    cpu: [x64]
    os: [linux]

  '@biomejs/cli-win32-arm64@2.3.8':
    resolution: {integrity: sha512-H4IoCHvL1fXKDrTALeTKMiE7GGWFAraDwBYFquE/L/5r1927Te0mYIGseXi4F+lrrwhSWbSGt5qPFswNoBaCxg==}
    engines: {node: '>=14.21.3'}
    cpu: [arm64]
    os: [win32]

  '@biomejs/cli-win32-x64@2.3.8':
    resolution: {integrity: sha512-RguzimPoZWtBapfKhKjcWXBVI91tiSprqdBYu7tWhgN8pKRZhw24rFeNZTNf6UiBfjCYCi9eFQs/JzJZIhuK4w==}
    engines: {node: '>=14.21.3'}
    cpu: [x64]
    os: [win32]

  '@emnapi/core@1.7.1':
    resolution: {integrity: sha512-o1uhUASyo921r2XtHYOHy7gdkGLge8ghBEQHMWmyJFoXlpU58kIrhhN3w26lpQb6dspetweapMn2CSNwQ8I4wg==}

  '@emnapi/runtime@1.7.1':
    resolution: {integrity: sha512-PVtJr5CmLwYAU9PZDMITZoR5iAOShYREoR45EyyLrbntV50mdePTgUn4AmOw90Ifcj+x2kRjdzr1HP3RrNiHGA==}

  '@emnapi/wasi-threads@1.1.0':
    resolution: {integrity: sha512-WI0DdZ8xFSbgMjR1sFsKABJ/C5OnRrjT06JXbZKexJGrDuPTzZdDYfFlsgcCXCyf+suG5QU2e/y1Wo2V/OapLQ==}

  '@module-federation/error-codes@0.21.6':
    resolution: {integrity: sha512-MLJUCQ05KnoVl8xd6xs9a5g2/8U+eWmVxg7xiBMeR0+7OjdWUbHwcwgVFatRIwSZvFgKHfWEiI7wsU1q1XbTRQ==}

  '@module-federation/runtime-core@0.21.6':
    resolution: {integrity: sha512-5Hd1Y5qp5lU/aTiK66lidMlM/4ji2gr3EXAtJdreJzkY+bKcI5+21GRcliZ4RAkICmvdxQU5PHPL71XmNc7Lsw==}

  '@module-federation/runtime-tools@0.21.6':
    resolution: {integrity: sha512-fnP+ZOZTFeBGiTAnxve+axGmiYn2D60h86nUISXjXClK3LUY1krUfPgf6MaD4YDJ4i51OGXZWPekeMe16pkd8Q==}

  '@module-federation/runtime@0.21.6':
    resolution: {integrity: sha512-+caXwaQqwTNh+CQqyb4mZmXq7iEemRDrTZQGD+zyeH454JAYnJ3s/3oDFizdH6245pk+NiqDyOOkHzzFQorKhQ==}

  '@module-federation/sdk@0.21.6':
    resolution: {integrity: sha512-x6hARETb8iqHVhEsQBysuWpznNZViUh84qV2yE7AD+g7uIzHKiYdoWqj10posbo5XKf/147qgWDzKZoKoEP2dw==}

  '@module-federation/webpack-bundler-runtime@0.21.6':
    resolution: {integrity: sha512-7zIp3LrcWbhGuFDTUMLJ2FJvcwjlddqhWGxi/MW3ur1a+HaO8v5tF2nl+vElKmbG1DFLU/52l3PElVcWf/YcsQ==}

  '@napi-rs/wasm-runtime@1.0.7':
    resolution: {integrity: sha512-SeDnOO0Tk7Okiq6DbXmmBODgOAb9dp9gjlphokTUxmt8U3liIP1ZsozBahH69j/RJv+Rfs6IwUKHTgQYJ/HBAw==}

  '@rsbuild/core@1.6.15':
    resolution: {integrity: sha512-LvoOF53PL6zXgdzEhgnnP51S4FseDFH1bHrobK4EK6zZX/tN8qgf5tdlmN7h4OkMv/Qs1oUfvj0QcLWSstnnvA==}
    engines: {node: '>=18.12.0'}
    hasBin: true

  '@rslib/core@0.18.4':
    resolution: {integrity: sha512-clS7XmsO5OTrg2bJ5ahpOPNEJx7Ew/3tZ1054VPrtRgE/RuVx3umsJUKbo2U5Yugh6E023vzqD3ry0kSJqgJ7A==}
    engines: {node: '>=18.12.0'}
    hasBin: true
    peerDependencies:
      '@microsoft/api-extractor': ^7
      typescript: ^5
    peerDependenciesMeta:
      '@microsoft/api-extractor':
        optional: true
      typescript:
        optional: true

  '@rspack/binding-darwin-arm64@1.6.8':
    resolution: {integrity: sha512-e8CTQtzaeGnf+BIzR7wRMUwKfIg0jd/sxMRc1Vd0bCMHBhSN9EsGoMuJJaKeRrSmy2nwMCNWHIG+TvT1CEKg+A==}
    cpu: [arm64]
    os: [darwin]

  '@rspack/binding-darwin-x64@1.6.8':
    resolution: {integrity: sha512-ku1XpTEPt6Za11zhpFWhfwrTQogcgi9RJrOUVC4FESiPO9aKyd4hJ+JiPgLY0MZOqsptK6vEAgOip+uDVXrCpg==}
    cpu: [x64]
    os: [darwin]

  '@rspack/binding-linux-arm64-gnu@1.6.8':
    resolution: {integrity: sha512-fvZX6xZPvBT8qipSpvkKMX5M7yd2BSpZNCZXcefw6gA3uC7LI3gu+er0LrDXY1PtPzVuHTyDx+abwWpagV3PiQ==}
    cpu: [arm64]
    os: [linux]

  '@rspack/binding-linux-arm64-musl@1.6.8':
    resolution: {integrity: sha512-++XMKcMNrt59HcFBLnRaJcn70k3X0GwkAegZBVpel8xYIAgvoXT5+L8P1ExId/yTFxqedaz8DbcxQnNmMozviw==}
    cpu: [arm64]
    os: [linux]

  '@rspack/binding-linux-x64-gnu@1.6.8':
    resolution: {integrity: sha512-tv3BWkTE1TndfX+DsE1rSTg8fBevCxujNZ3MlfZ22Wfy9x1FMXTJlWG8VIOXmaaJ1wUHzv8S7cE2YUUJ2LuiCg==}
    cpu: [x64]
    os: [linux]

  '@rspack/binding-linux-x64-musl@1.6.8':
    resolution: {integrity: sha512-DCGgZ5/in1O3FjHWqXnDsncRy+48cMhfuUAAUyl0yDj1NpsZu9pP+xfGLvGcQTiYrVl7IH9Aojf1eShP/77WGA==}
    cpu: [x64]
    os: [linux]

  '@rspack/binding-wasm32-wasi@1.6.8':
    resolution: {integrity: sha512-VUwdhl/lI4m6o1OGCZ9JwtMjTV/yLY5VZTQdEPKb40JMTlmZ5MBlr5xk7ByaXXYHr6I+qnqEm73iMKQvg6iknw==}
    cpu: [wasm32]

  '@rspack/binding-win32-arm64-msvc@1.6.8':
    resolution: {integrity: sha512-23YX7zlOZlub+nPGDBUzktb4D5D6ETUAluKjXEeHIZ9m7fSlEYBnGL66YE+3t1DHXGd0OqsdwlvrNGcyo6EXDQ==}
    cpu: [arm64]
    os: [win32]

  '@rspack/binding-win32-ia32-msvc@1.6.8':
    resolution: {integrity: sha512-cFgRE3APxrY4AEdooVk2LtipwNNT/9mrnjdC5lVbsIsz+SxvGbZR231bxDJEqP15+RJOaD07FO1sIjINFqXMEg==}
    cpu: [ia32]
    os: [win32]

  '@rspack/binding-win32-x64-msvc@1.6.8':
    resolution: {integrity: sha512-cIuhVsZYd3o3Neo1JSAhJYw6BDvlxaBoqvgwRkG1rs0ExFmEmgYyG7ip9pFKnKNWph/tmW3rDYypmEfjs1is7g==}
    cpu: [x64]
    os: [win32]

  '@rspack/binding@1.6.8':
    resolution: {integrity: sha512-lUeL4mbwGo+nqRKqFDCm9vH2jv9FNMVt1X8jqayWRcOCPlj/2UVMEFgqjR7Pp2vlvnTKq//31KbDBJmDZq31RQ==}

  '@rspack/core@1.6.8':
    resolution: {integrity: sha512-FolcIAH5FW4J2FET+qwjd1kNeFbCkd0VLuIHO0thyolEjaPSxw5qxG67DA7BZGm6PVcoiSgPLks1DL6eZ8c+fA==}
    engines: {node: '>=18.12.0'}
    peerDependencies:
      '@swc/helpers': '>=0.5.1'
    peerDependenciesMeta:
      '@swc/helpers':
        optional: true

  '@rspack/lite-tapable@1.1.0':
    resolution: {integrity: sha512-E2B0JhYFmVAwdDiG14+DW0Di4Ze4Jg10Pc4/lILUrd5DRCaklduz2OvJ5HYQ6G+hd+WTzqQb3QnDNfK4yvAFYw==}

  '@swc/helpers@0.5.17':
    resolution: {integrity: sha512-5IKx/Y13RsYd+sauPb2x+U/xZikHjolzfuDgTAl/Tdf3Q8rslRvC19NKDLgAJQ6wsqADk10ntlv08nPFw/gO/A==}

  '@tybys/wasm-util@0.10.1':
    resolution: {integrity: sha512-9tTaPJLSiejZKx+Bmog4uSubteqTvFrVrURwkmHixBo0G4seD0zUxp98E1DzUBJxLQ3NPwXrGKDiVjwx/DpPsg==}

  '@types/node@24.10.4':
    resolution: {integrity: sha512-vnDVpYPMzs4wunl27jHrfmwojOGKya0xyM3sH+UE5iv5uPS6vX7UIoh6m+vQc5LGBq52HBKPIn/zcSZVzeDEZg==}

  core-js@3.47.0:
    resolution: {integrity: sha512-c3Q2VVkGAUyupsjRnaNX6u8Dq2vAdzm9iuPj5FW0fRxzlxgq9Q39MDq10IvmQSpLgHQNyQzQmOo6bgGHmH3NNg==}

  jiti@2.6.1:
    resolution: {integrity: sha512-ekilCSN1jwRvIbgeg/57YFh8qQDNbwDb9xT/qu2DAHbFFZUicIl4ygVaAvzveMhMVr3LnpSKTNnwt8PoOfmKhQ==}
    hasBin: true

  rsbuild-plugin-dts@0.18.4:
    resolution: {integrity: sha512-ZVG3WS0VLXQD6oWDZKN2AEKbOVblFTHpYk0cisS/DpOhIODFxSxpnlYIWvc+8qOcrKOuToVqsGvK8VfJ4n+UqQ==}
    engines: {node: '>=18.12.0'}
    peerDependencies:
      '@microsoft/api-extractor': ^7
      '@rsbuild/core': 1.x
      '@typescript/native-preview': 7.x
      typescript: ^5
    peerDependenciesMeta:
      '@microsoft/api-extractor':
        optional: true
      '@typescript/native-preview':
        optional: true
      typescript:
        optional: true

  tslib@2.8.1:
    resolution: {integrity: sha512-oJFu94HQb+KVduSUQL7wnpmqnfmLsOA/nAh6b6EH0wCEoK0/mPeXU6c3wKDV83MkOuHPRHtSXKKU99IBazS/2w==}

  typescript@5.9.3:
    resolution: {integrity: sha512-jl1vZzPDinLr9eUt3J/t7V6FgNEw9QjvBPdysz9KfQDD41fQrC2Y4vKQdiaUpFT4bXlb1RHhLpp8wtm6M5TgSw==}
    engines: {node: '>=14.17'}
    hasBin: true

  undici-types@7.16.0:
    resolution: {integrity: sha512-Zz+aZWSj8LE6zoxD+xrjh4VfkIG8Ya6LvYkZqtUQGJPZjYl53ypCaUwWqo7eI0x66KBGeRo+mlBEkMSeSZ38Nw==}

snapshots:

  '@ast-grep/napi-darwin-arm64@0.37.0':
    optional: true

  '@ast-grep/napi-darwin-x64@0.37.0':
    optional: true

  '@ast-grep/napi-linux-arm64-gnu@0.37.0':
    optional: true

  '@ast-grep/napi-linux-arm64-musl@0.37.0':
    optional: true

  '@ast-grep/napi-linux-x64-gnu@0.37.0':
    optional: true

  '@ast-grep/napi-linux-x64-musl@0.37.0':
    optional: true

  '@ast-grep/napi-win32-arm64-msvc@0.37.0':
    optional: true

  '@ast-grep/napi-win32-ia32-msvc@0.37.0':
    optional: true

  '@ast-grep/napi-win32-x64-msvc@0.37.0':
    optional: true

  '@ast-grep/napi@0.37.0':
    optionalDependencies:
      '@ast-grep/napi-darwin-arm64': 0.37.0
      '@ast-grep/napi-darwin-x64': 0.37.0
      '@ast-grep/napi-linux-arm64-gnu': 0.37.0
      '@ast-grep/napi-linux-arm64-musl': 0.37.0
      '@ast-grep/napi-linux-x64-gnu': 0.37.0
      '@ast-grep/napi-linux-x64-musl': 0.37.0
      '@ast-grep/napi-win32-arm64-msvc': 0.37.0
      '@ast-grep/napi-win32-ia32-msvc': 0.37.0
      '@ast-grep/napi-win32-x64-msvc': 0.37.0

  '@biomejs/biome@2.3.8':
    optionalDependencies:
      '@biomejs/cli-darwin-arm64': 2.3.8
      '@biomejs/cli-darwin-x64': 2.3.8
      '@biomejs/cli-linux-arm64': 2.3.8
      '@biomejs/cli-linux-arm64-musl': 2.3.8
      '@biomejs/cli-linux-x64': 2.3.8
      '@biomejs/cli-linux-x64-musl': 2.3.8
      '@biomejs/cli-win32-arm64': 2.3.8
      '@biomejs/cli-win32-x64': 2.3.8

  '@biomejs/cli-darwin-arm64@2.3.8':
    optional: true

  '@biomejs/cli-darwin-x64@2.3.8':
    optional: true

  '@biomejs/cli-linux-arm64-musl@2.3.8':
    optional: true

  '@biomejs/cli-linux-arm64@2.3.8':
    optional: true

  '@biomejs/cli-linux-x64-musl@2.3.8':
    optional: true

  '@biomejs/cli-linux-x64@2.3.8':
    optional: true

  '@biomejs/cli-win32-arm64@2.3.8':
    optional: true

  '@biomejs/cli-win32-x64@2.3.8':
    optional: true

  '@emnapi/core@1.7.1':
    dependencies:
      '@emnapi/wasi-threads': 1.1.0
      tslib: 2.8.1
    optional: true

  '@emnapi/runtime@1.7.1':
    dependencies:
      tslib: 2.8.1
    optional: true

  '@emnapi/wasi-threads@1.1.0':
    dependencies:
      tslib: 2.8.1
    optional: true

  '@module-federation/error-codes@0.21.6': {}

  '@module-federation/runtime-core@0.21.6':
    dependencies:
      '@module-federation/error-codes': 0.21.6
      '@module-federation/sdk': 0.21.6

  '@module-federation/runtime-tools@0.21.6':
    dependencies:
      '@module-federation/runtime': 0.21.6
      '@module-federation/webpack-bundler-runtime': 0.21.6

  '@module-federation/runtime@0.21.6':
    dependencies:
      '@module-federation/error-codes': 0.21.6
      '@module-federation/runtime-core': 0.21.6
      '@module-federation/sdk': 0.21.6

  '@module-federation/sdk@0.21.6': {}

  '@module-federation/webpack-bundler-runtime@0.21.6':
    dependencies:
      '@module-federation/runtime': 0.21.6
      '@module-federation/sdk': 0.21.6

  '@napi-rs/wasm-runtime@1.0.7':
    dependencies:
      '@emnapi/core': 1.7.1
      '@emnapi/runtime': 1.7.1
      '@tybys/wasm-util': 0.10.1
    optional: true

  '@rsbuild/core@1.6.15':
    dependencies:
      '@rspack/core': 1.6.8(@swc/helpers@0.5.17)
      '@rspack/lite-tapable': 1.1.0
      '@swc/helpers': 0.5.17
      core-js: 3.47.0
      jiti: 2.6.1

  '@rslib/core@0.18.4(typescript@5.9.3)':
    dependencies:
      '@rsbuild/core': 1.6.15
      rsbuild-plugin-dts: 0.18.4(@rsbuild/core@1.6.15)(typescript@5.9.3)
    optionalDependencies:
      typescript: 5.9.3
    transitivePeerDependencies:
      - '@typescript/native-preview'

  '@rspack/binding-darwin-arm64@1.6.8':
    optional: true

  '@rspack/binding-darwin-x64@1.6.8':
    optional: true

  '@rspack/binding-linux-arm64-gnu@1.6.8':
    optional: true

  '@rspack/binding-linux-arm64-musl@1.6.8':
    optional: true

  '@rspack/binding-linux-x64-gnu@1.6.8':
    optional: true

  '@rspack/binding-linux-x64-musl@1.6.8':
    optional: true

  '@rspack/binding-wasm32-wasi@1.6.8':
    dependencies:
      '@napi-rs/wasm-runtime': 1.0.7
    optional: true

  '@rspack/binding-win32-arm64-msvc@1.6.8':
    optional: true

  '@rspack/binding-win32-ia32-msvc@1.6.8':
    optional: true

  '@rspack/binding-win32-x64-msvc@1.6.8':
    optional: true

  '@rspack/binding@1.6.8':
    optionalDependencies:
      '@rspack/binding-darwin-arm64': 1.6.8
      '@rspack/binding-darwin-x64': 1.6.8
      '@rspack/binding-linux-arm64-gnu': 1.6.8
      '@rspack/binding-linux-arm64-musl': 1.6.8
      '@rspack/binding-linux-x64-gnu': 1.6.8
      '@rspack/binding-linux-x64-musl': 1.6.8
      '@rspack/binding-wasm32-wasi': 1.6.8
      '@rspack/binding-win32-arm64-msvc': 1.6.8
      '@rspack/binding-win32-ia32-msvc': 1.6.8
      '@rspack/binding-win32-x64-msvc': 1.6.8

  '@rspack/core@1.6.8(@swc/helpers@0.5.17)':
    dependencies:
      '@module-federation/runtime-tools': 0.21.6
      '@rspack/binding': 1.6.8
      '@rspack/lite-tapable': 1.1.0
    optionalDependencies:
      '@swc/helpers': 0.5.17

  '@rspack/lite-tapable@1.1.0': {}

  '@swc/helpers@0.5.17':
    dependencies:
      tslib: 2.8.1

  '@tybys/wasm-util@0.10.1':
    dependencies:
      tslib: 2.8.1
    optional: true

  '@types/node@24.10.4':
    dependencies:
      undici-types: 7.16.0

  core-js@3.47.0: {}

  jiti@2.6.1: {}

  rsbuild-plugin-dts@0.18.4(@rsbuild/core@1.6.15)(typescript@5.9.3):
    dependencies:
      '@ast-grep/napi': 0.37.0
      '@rsbuild/core': 1.6.15
    optionalDependencies:
      typescript: 5.9.3

  tslib@2.8.1: {}

  typescript@5.9.3: {}

  undici-types@7.16.0: {}
